<?xml version="1.0" encoding="utf-8"?>
<Project ToolsVersion="4.0" xmlns="http://schemas.microsoft.com/developer/msbuild/2003">
  <ItemGroup>
    <ClCompile Include="..\Classes\AppDelegate.cpp">
      <Filter>src</Filter>
    </ClCompile>
    <ClCompile Include="..\Classes\HelloWorldScene.cpp">
      <Filter>Scene</Filter>
    </ClCompile>
    <ClCompile Include="..\Classes\StageOne.cpp">
      <Filter>Scene</Filter>
    </ClCompile>
    <ClCompile Include="..\Classes\pch.cpp">
      <Filter>src</Filter>
    </ClCompile>
    <ClCompile Include="..\Classes\Enemy.cpp">
      <Filter>Enemy</Filter>
    </ClCompile>
    <ClCompile Include="..\Classes\Enemy_Choco.cpp">
      <Filter>Enemy</Filter>
    </ClCompile>
    <ClCompile Include="..\Classes\EnemyManager.cpp">
      <Filter>Enemy</Filter>
    </ClCompile>
    <ClCompile Include="..\Classes\EnemyState.cpp">
      <Filter>Enemy</Filter>
    </ClCompile>
    <ClCompile Include="..\Classes\EnemyState_Approach.cpp">
      <Filter>Enemy</Filter>
    </ClCompile>
    <ClCompile Include="..\Classes\EnemyState_Attack.cpp">
      <Filter>Enemy</Filter>
    </ClCompile>
    <ClCompile Include="..\Classes\EnemyState_Return.cpp">
      <Filter>Enemy</Filter>
    </ClCompile>
    <ClCompile Include="..\Classes\EnemyState_Search.cpp">
      <Filter>Enemy</Filter>
    </ClCompile>
    <ClCompile Include="..\Classes\EnemyState_Waiting.cpp">
      <Filter>Enemy</Filter>
    </ClCompile>
    <ClCompile Include="..\Classes\AnimationMaker.cpp" />
    <ClCompile Include="main.cpp">
      <Filter>win32</Filter>
    </ClCompile>
    <ClCompile Include="..\Classes\config.cpp">
      <Filter>Data_ini</Filter>
    </ClCompile>
    <ClCompile Include="..\Classes\TemporaryDefine.cpp">
      <Filter>Data_ini</Filter>
    </ClCompile>
    <ClCompile Include="..\Classes\IniReader.cpp">
      <Filter>Data_ini</Filter>
    </ClCompile>
    <ClCompile Include="..\Classes\InputLayer.cpp" />
    <ClCompile Include="..\Classes\PlayerCharacter.cpp">
      <Filter>Character</Filter>
    </ClCompile>
    <ClCompile Include="..\Classes\PlayerCharacterManager.cpp">
      <Filter>Character</Filter>
    </ClCompile>
    <ClCompile Include="..\Classes\Projectile.cpp">
      <Filter>Projectile</Filter>
    </ClCompile>
    <ClCompile Include="..\Classes\ProjectileListener.cpp">
      <Filter>Projectile</Filter>
    </ClCompile>
    <ClCompile Include="..\Classes\CollideManager.cpp">
      <Filter>Projectile</Filter>
    </ClCompile>
    <ClCompile Include="..\Classes\ManageMap.cpp">
      <Filter>Map</Filter>
    </ClCompile>
    <ClCompile Include="..\Classes\ManageMove.cpp" />
  </ItemGroup>
  <ItemGroup>
    <ClInclude Include="..\Classes\AppDelegate.h">
      <Filter>src</Filter>
    </ClInclude>
    <ClInclude Include="..\Classes\HelloWorldScene.h">
      <Filter>Scene</Filter>
    </ClInclude>
    <ClInclude Include="..\Classes\StageOne.h">
      <Filter>Scene</Filter>
    </ClInclude>
    <ClInclude Include="..\Classes\pch.h">
      <Filter>src</Filter>
    </ClInclude>
    <ClInclude Include="..\Classes\Enemy.h">
      <Filter>Enemy</Filter>
    </ClInclude>
    <ClInclude Include="..\Classes\Enemy_Choco.h">
      <Filter>Enemy</Filter>
    </ClInclude>
    <ClInclude Include="..\Classes\EnemyManager.h">
      <Filter>Enemy</Filter>
    </ClInclude>
    <ClInclude Include="..\Classes\EnemyState.h">
      <Filter>Enemy</Filter>
    </ClInclude>
    <ClInclude Include="..\Classes\EnemyState_Approach.h">
      <Filter>Enemy</Filter>
    </ClInclude>
    <ClInclude Include="..\Classes\EnemyState_Attack.h">
      <Filter>Enemy</Filter>
    </ClInclude>
    <ClInclude Include="..\Classes\EnemyState_Return.h">
      <Filter>Enemy</Filter>
    </ClInclude>
    <ClInclude Include="..\Classes\EnemyState_Search.h">
      <Filter>Enemy</Filter>
    </ClInclude>
    <ClInclude Include="..\Classes\EnemyState_Waiting.h">
      <Filter>Enemy</Filter>
    </ClInclude>
    <ClInclude Include="..\Classes\AnimationMaker.h" />
    <ClInclude Include="main.h">
      <Filter>win32</Filter>
    </ClInclude>
    <ClInclude Include="..\Classes\config.h">
      <Filter>Data_ini</Filter>
    </ClInclude>
    <ClInclude Include="..\Classes\Define.h">
      <Filter>Data_ini</Filter>
    </ClInclude>
    <ClInclude Include="..\Classes\TemporaryDefine.h">
      <Filter>Data_ini</Filter>
    </ClInclude>
    <ClInclude Include="..\Classes\IniReader.h">
      <Filter>Data_ini</Filter>
    </ClInclude>
    <ClInclude Include="..\Classes\InputLayer.h" />
    <ClInclude Include="..\Classes\PlayerCharacter.h">
      <Filter>Character</Filter>
    </ClInclude>
    <ClInclude Include="..\Classes\PlayerCharacterManager.h">
      <Filter>Character</Filter>
    </ClInclude>
    <ClInclude Include="..\Classes\ProjectileListener.h">
      <Filter>Projectile</Filter>
    </ClInclude>
    <ClInclude Include="..\Classes\Projectile.h">
      <Filter>Projectile</Filter>
    </ClInclude>
    <ClInclude Include="..\Classes\CollideManager.h">
      <Filter>Projectile</Filter>
    </ClInclude>
    <ClInclude Include="..\Classes\ManageMap.h">
      <Filter>Map</Filter>
    </ClInclude>
    <ClInclude Include="..\Classes\ManageMove.h" />
  </ItemGroup>
  <ItemGroup>
    <Filter Include="src">
      <UniqueIdentifier>{e5cc389a-43b7-4c65-9024-5eed9ebfadff}</UniqueIdentifier>
    </Filter>
    <Filter Include="Scene">
      <UniqueIdentifier>{85c6ef8a-1994-42db-8cfd-db75d746b875}</UniqueIdentifier>
    </Filter>
    <Filter Include="resources">
      <UniqueIdentifier>{8efe37c3-6371-4c01-82f7-1af81af37476}</UniqueIdentifier>
    </Filter>
    <Filter Include="Enemy">
      <UniqueIdentifier>{8a629267-7e5d-43ca-9ae6-c696dbd89c01}</UniqueIdentifier>
    </Filter>
    <Filter Include="Character">
      <UniqueIdentifier>{c99908ac-e334-41a5-b894-940e4121c0f3}</UniqueIdentifier>
    </Filter>
    <Filter Include="win32">
      <UniqueIdentifier>{d67680bc-85c7-40b2-ad42-85fb58f3eda9}</UniqueIdentifier>
    </Filter>
    <Filter Include="Data_ini">
      <UniqueIdentifier>{4b409f5f-8cdf-4830-b1cb-359008268cf5}</UniqueIdentifier>
    </Filter>
    <Filter Include="Projectile">
      <UniqueIdentifier>{be2368e8-c21e-4d1c-af22-b7a52cd3ea1d}</UniqueIdentifier>
    </Filter>
    <Filter Include="Map">
      <UniqueIdentifier>{3738a1dd-9e76-420e-8dac-b837df2a6bb4}</UniqueIdentifier>
    </Filter>
  </ItemGroup>
  <ItemGroup>
    <ResourceCompile Include="game.rc">
      <Filter>resources</Filter>
    </ResourceCompile>
  </ItemGroup>
</Project>